
Microsoft Visual Studio Solution File, Format Version 12.00
# Visual Studio Version 16
VisualStudioVersion = 16.0.32510.428
MinimumVisualStudioVersion = 10.0.40219.1
Project("{FAE04EC0-301F-11D3-BF4B-00C04F79EFBC}") = "Entities", "Entities\Entities.csproj", "{FB8497E0-348C-4364-AB7C-4D543ABD22A7}"
EndProject
Project("{FAE04EC0-301F-11D3-BF4B-00C04F79EFBC}") = "Business", "Business\Business.csproj", "{DBE3E7B0-D66C-44DA-A6DA-143CB76115F4}"
EndProject
Project("{FAE04EC0-301F-11D3-BF4B-00C04F79EFBC}") = "DataAccess", "DataAccess\DataAccess.csproj", "{4C6C62E4-25EF-4A79-ABDE-3DF7723A21F1}"
EndProject
Project("{FAE04EC0-301F-11D3-BF4B-00C04F79EFBC}") = "ConsoleUI", "ConsoleUI\ConsoleUI.csproj", "{D2FA711E-728E-4C43-A903-8F01DAD0783E}"
EndProject
Project("{FAE04EC0-301F-11D3-BF4B-00C04F79EFBC}") = "Core", "Core\Core.csproj", "{6ADC4217-8A2C-4273-84FE-81477F8029AB}"
EndProject
Global
	GlobalSection(SolutionConfigurationPlatforms) = preSolution
		Debug|Any CPU = Debug|Any CPU
		Release|Any CPU = Release|Any CPU
	EndGlobalSection
	GlobalSection(ProjectConfigurationPlatforms) = postSolution
		{FB8497E0-348C-4364-AB7C-4D543ABD22A7}.Debug|Any CPU.ActiveCfg = Debug|Any CPU
		{FB8497E0-348C-4364-AB7C-4D543ABD22A7}.Debug|Any CPU.Build.0 = Debug|Any CPU
		{FB8497E0-348C-4364-AB7C-4D543ABD22A7}.Release|Any CPU.ActiveCfg = Release|Any CPU
		{FB8497E0-348C-4364-AB7C-4D543ABD22A7}.Release|Any CPU.Build.0 = Release|Any CPU
		{DBE3E7B0-D66C-44DA-A6DA-143CB76115F4}.Debug|Any CPU.ActiveCfg = Debug|Any CPU
		{DBE3E7B0-D66C-44DA-A6DA-143CB76115F4}.Debug|Any CPU.Build.0 = Debug|Any CPU
		{DBE3E7B0-D66C-44DA-A6DA-143CB76115F4}.Release|Any CPU.ActiveCfg = Release|Any CPU
		{DBE3E7B0-D66C-44DA-A6DA-143CB76115F4}.Release|Any CPU.Build.0 = Release|Any CPU
		{4C6C62E4-25EF-4A79-ABDE-3DF7723A21F1}.Debug|Any CPU.ActiveCfg = Debug|Any CPU
		{4C6C62E4-25EF-4A79-ABDE-3DF7723A21F1}.Debug|Any CPU.Build.0 = Debug|Any CPU
		{4C6C62E4-25EF-4A79-ABDE-3DF7723A21F1}.Release|Any CPU.ActiveCfg = Release|Any CPU
		{4C6C62E4-25EF-4A79-ABDE-3DF7723A21F1}.Release|Any CPU.Build.0 = Release|Any CPU
		{D2FA711E-728E-4C43-A903-8F01DAD0783E}.Debug|Any CPU.ActiveCfg = Debug|Any CPU
		{D2FA711E-728E-4C43-A903-8F01DAD0783E}.Debug|Any CPU.Build.0 = Debug|Any CPU
		{D2FA711E-728E-4C43-A903-8F01DAD0783E}.Release|Any CPU.ActiveCfg = Release|Any CPU
		{D2FA711E-728E-4C43-A903-8F01DAD0783E}.Release|Any CPU.Build.0 = Release|Any CPU
		{6ADC4217-8A2C-4273-84FE-81477F8029AB}.Debug|Any CPU.ActiveCfg = Debug|Any CPU
		{6ADC4217-8A2C-4273-84FE-81477F8029AB}.Debug|Any CPU.Build.0 = Debug|Any CPU
		{6ADC4217-8A2C-4273-84FE-81477F8029AB}.Release|Any CPU.ActiveCfg = Release|Any CPU
		{6ADC4217-8A2C-4273-84FE-81477F8029AB}.Release|Any CPU.Build.0 = Release|Any CPU
	EndGlobalSection
	GlobalSection(SolutionProperties) = preSolution
		HideSolutionNode = FALSE
	EndGlobalSection
	GlobalSection(ExtensibilityGlobals) = postSolution
		SolutionGuid = {926DD5F5-F1F5-45C9-BF37-4C6762A845E4}
	EndGlobalSection
EndGlobal
